// !$*UTF8*$!
{
	archiveVersion = 1;
	classes = {
	};
	objectVersion = 50;
	objects = {

/* Begin PBXBuildFile section */
		14C6247325DAB34800E6B6A7 /* MemorizeApp.swift in Sources */ = {isa = PBXBuildFile; fileRef = 14C6247225DAB34800E6B6A7 /* MemorizeApp.swift */; };
		14C6247525DAB34800E6B6A7 /* EmojiMemoryGameView.swift in Sources */ = {isa = PBXBuildFile; fileRef = 14C6247425DAB34800E6B6A7 /* EmojiMemoryGameView.swift */; };
		14C6247725DAB34E00E6B6A7 /* Assets.xcassets in Resources */ = {isa = PBXBuildFile; fileRef = 14C6247625DAB34E00E6B6A7 /* Assets.xcassets */; };
		14C6247A25DAB34E00E6B6A7 /* Preview Assets.xcassets in Resources */ = {isa = PBXBuildFile; fileRef = 14C6247925DAB34E00E6B6A7 /* Preview Assets.xcassets */; };
		14C6248C25DAB68900E6B6A7 /* CardView.swift in Sources */ = {isa = PBXBuildFile; fileRef = 14C6248B25DAB68900E6B6A7 /* CardView.swift */; };
		14C6248F25DAE28400E6B6A7 /* MemoryGame.swift in Sources */ = {isa = PBXBuildFile; fileRef = 14C6248E25DAE28400E6B6A7 /* MemoryGame.swift */; };
		14C6249225DAE42200E6B6A7 /* EmojiMemoryGame.swift in Sources */ = {isa = PBXBuildFile; fileRef = 14C6249125DAE42200E6B6A7 /* EmojiMemoryGame.swift */; };
		14C6249F25DB3F5300E6B6A7 /* Grid.swift in Sources */ = {isa = PBXBuildFile; fileRef = 14C6249E25DB3F5300E6B6A7 /* Grid.swift */; };
		14C624A225DB46C700E6B6A7 /* GridLayout.swift in Sources */ = {isa = PBXBuildFile; fileRef = 14C624A125DB46C700E6B6A7 /* GridLayout.swift */; };
		14C624A525DB4F6700E6B6A7 /* Array+Identifiable.swift in Sources */ = {isa = PBXBuildFile; fileRef = 14C624A425DB4F6700E6B6A7 /* Array+Identifiable.swift */; };
		14C624A925DB6DCE00E6B6A7 /* Array+Only.swift in Sources */ = {isa = PBXBuildFile; fileRef = 14C624A825DB6DCE00E6B6A7 /* Array+Only.swift */; };
		14C624AC25DC22DF00E6B6A7 /* Pie.swift in Sources */ = {isa = PBXBuildFile; fileRef = 14C624AB25DC22DF00E6B6A7 /* Pie.swift */; };
		14C624B325DC2B5300E6B6A7 /* Cardify.swift in Sources */ = {isa = PBXBuildFile; fileRef = 14C624B225DC2B5300E6B6A7 /* Cardify.swift */; };
		14C9270425E167FC00179785 /* CircleImage.swift in Sources */ = {isa = PBXBuildFile; fileRef = 14C9270325E167FC00179785 /* CircleImage.swift */; };
		14C9270825E1785F00179785 /* Sounds.swift in Sources */ = {isa = PBXBuildFile; fileRef = 14C9270725E1785E00179785 /* Sounds.swift */; };
		14C9270B25E17B1000179785 /* faraon1.m4a in Resources */ = {isa = PBXBuildFile; fileRef = 14C9270A25E17B1000179785 /* faraon1.m4a */; };
		14C9270F25E17E3000179785 /* faraon2.m4a in Resources */ = {isa = PBXBuildFile; fileRef = 14C9270D25E17E2F00179785 /* faraon2.m4a */; };
		14C9271025E17E3000179785 /* faraon3.m4a in Resources */ = {isa = PBXBuildFile; fileRef = 14C9270E25E17E3000179785 /* faraon3.m4a */; };
/* End PBXBuildFile section */

/* Begin PBXFileReference section */
		14C6246F25DAB34800E6B6A7 /* Memorize.app */ = {isa = PBXFileReference; explicitFileType = wrapper.application; includeInIndex = 0; path = Memorize.app; sourceTree = BUILT_PRODUCTS_DIR; };
		14C6247225DAB34800E6B6A7 /* MemorizeApp.swift */ = {isa = PBXFileReference; lastKnownFileType = sourcecode.swift; path = MemorizeApp.swift; sourceTree = "<group>"; };
		14C6247425DAB34800E6B6A7 /* EmojiMemoryGameView.swift */ = {isa = PBXFileReference; lastKnownFileType = sourcecode.swift; path = EmojiMemoryGameView.swift; sourceTree = "<group>"; };
		14C6247625DAB34E00E6B6A7 /* Assets.xcassets */ = {isa = PBXFileReference; lastKnownFileType = folder.assetcatalog; path = Assets.xcassets; sourceTree = "<group>"; };
		14C6247925DAB34E00E6B6A7 /* Preview Assets.xcassets */ = {isa = PBXFileReference; lastKnownFileType = folder.assetcatalog; path = "Preview Assets.xcassets"; sourceTree = "<group>"; };
		14C6247B25DAB34E00E6B6A7 /* Info.plist */ = {isa = PBXFileReference; lastKnownFileType = text.plist.xml; path = Info.plist; sourceTree = "<group>"; };
		14C6248B25DAB68900E6B6A7 /* CardView.swift */ = {isa = PBXFileReference; lastKnownFileType = sourcecode.swift; path = CardView.swift; sourceTree = "<group>"; };
		14C6248E25DAE28400E6B6A7 /* MemoryGame.swift */ = {isa = PBXFileReference; lastKnownFileType = sourcecode.swift; path = MemoryGame.swift; sourceTree = "<group>"; };
		14C6249125DAE42200E6B6A7 /* EmojiMemoryGame.swift */ = {isa = PBXFileReference; lastKnownFileType = sourcecode.swift; path = EmojiMemoryGame.swift; sourceTree = "<group>"; };
		14C6249E25DB3F5300E6B6A7 /* Grid.swift */ = {isa = PBXFileReference; lastKnownFileType = sourcecode.swift; path = Grid.swift; sourceTree = "<group>"; };
		14C624A125DB46C700E6B6A7 /* GridLayout.swift */ = {isa = PBXFileReference; fileEncoding = 4; lastKnownFileType = sourcecode.swift; path = GridLayout.swift; sourceTree = "<group>"; };
		14C624A425DB4F6700E6B6A7 /* Array+Identifiable.swift */ = {isa = PBXFileReference; lastKnownFileType = sourcecode.swift; path = "Array+Identifiable.swift"; sourceTree = "<group>"; };
		14C624A825DB6DCE00E6B6A7 /* Array+Only.swift */ = {isa = PBXFileReference; lastKnownFileType = sourcecode.swift; path = "Array+Only.swift"; sourceTree = "<group>"; };
		14C624AB25DC22DF00E6B6A7 /* Pie.swift */ = {isa = PBXFileReference; lastKnownFileType = sourcecode.swift; path = Pie.swift; sourceTree = "<group>"; };
		14C624B225DC2B5300E6B6A7 /* Cardify.swift */ = {isa = PBXFileReference; lastKnownFileType = sourcecode.swift; path = Cardify.swift; sourceTree = "<group>"; };
		14C9270325E167FC00179785 /* CircleImage.swift */ = {isa = PBXFileReference; lastKnownFileType = sourcecode.swift; path = CircleImage.swift; sourceTree = "<group>"; };
		14C9270725E1785E00179785 /* Sounds.swift */ = {isa = PBXFileReference; lastKnownFileType = sourcecode.swift; path = Sounds.swift; sourceTree = "<group>"; };
		14C9270A25E17B1000179785 /* faraon1.m4a */ = {isa = PBXFileReference; lastKnownFileType = file; path = faraon1.m4a; sourceTree = "<group>"; };
		14C9270D25E17E2F00179785 /* faraon2.m4a */ = {isa = PBXFileReference; lastKnownFileType = file; path = faraon2.m4a; sourceTree = "<group>"; };
		14C9270E25E17E3000179785 /* faraon3.m4a */ = {isa = PBXFileReference; lastKnownFileType = file; path = faraon3.m4a; sourceTree = "<group>"; };
/* End PBXFileReference section */

/* Begin PBXFrameworksBuildPhase section */
		14C6246C25DAB34800E6B6A7 /* Frameworks */ = {
			isa = PBXFrameworksBuildPhase;
			buildActionMask = 2147483647;
			files = (
			);
			runOnlyForDeploymentPostprocessing = 0;
		};
/* End PBXFrameworksBuildPhase section */

/* Begin PBXGroup section */
		14C6246625DAB34700E6B6A7 = {
			isa = PBXGroup;
			children = (
				14C6247125DAB34800E6B6A7 /* Memorize */,
				14C6247025DAB34800E6B6A7 /* Products */,
			);
			sourceTree = "<group>";
		};
		14C6247025DAB34800E6B6A7 /* Products */ = {
			isa = PBXGroup;
			children = (
				14C6246F25DAB34800E6B6A7 /* Memorize.app */,
			);
			name = Products;
			sourceTree = "<group>";
		};
		14C6247125DAB34800E6B6A7 /* Memorize */ = {
			isa = PBXGroup;
			children = (
				14C6247225DAB34800E6B6A7 /* MemorizeApp.swift */,
				14C6249425DAF77200E6B6A7 /* Model */,
				14C6249525DAF79100E6B6A7 /* View */,
				14C6247625DAB34E00E6B6A7 /* Assets.xcassets */,
				14C9270A25E17B1000179785 /* faraon1.m4a */,
				14C9270D25E17E2F00179785 /* faraon2.m4a */,
				14C9270E25E17E3000179785 /* faraon3.m4a */,
				14C6247B25DAB34E00E6B6A7 /* Info.plist */,
				14C6247825DAB34E00E6B6A7 /* Preview Content */,
			);
			path = Memorize;
			sourceTree = "<group>";
		};
		14C6247825DAB34E00E6B6A7 /* Preview Content */ = {
			isa = PBXGroup;
			children = (
				14C6247925DAB34E00E6B6A7 /* Preview Assets.xcassets */,
			);
			path = "Preview Content";
			sourceTree = "<group>";
		};
		14C6249425DAF77200E6B6A7 /* Model */ = {
			isa = PBXGroup;
			children = (
				14C624A425DB4F6700E6B6A7 /* Array+Identifiable.swift */,
				14C624A825DB6DCE00E6B6A7 /* Array+Only.swift */,
				14C6248E25DAE28400E6B6A7 /* MemoryGame.swift */,
				14C6249125DAE42200E6B6A7 /* EmojiMemoryGame.swift */,
				14C9270725E1785E00179785 /* Sounds.swift */,
			);
			path = Model;
			sourceTree = "<group>";
		};
		14C6249525DAF79100E6B6A7 /* View */ = {
			isa = PBXGroup;
			children = (
				14C6247425DAB34800E6B6A7 /* EmojiMemoryGameView.swift */,
				14C6248B25DAB68900E6B6A7 /* CardView.swift */,
				14C9270325E167FC00179785 /* CircleImage.swift */,
				14C624AB25DC22DF00E6B6A7 /* Pie.swift */,
				14C6249E25DB3F5300E6B6A7 /* Grid.swift */,
				14C624A125DB46C700E6B6A7 /* GridLayout.swift */,
				14C624B225DC2B5300E6B6A7 /* Cardify.swift */,
			);
			path = View;
			sourceTree = "<group>";
		};
/* End PBXGroup section */

/* Begin PBXNativeTarget section */
		14C6246E25DAB34800E6B6A7 /* Memorize */ = {
			isa = PBXNativeTarget;
			buildConfigurationList = 14C6247E25DAB34E00E6B6A7 /* Build configuration list for PBXNativeTarget "Memorize" */;
			buildPhases = (
				14C6246B25DAB34800E6B6A7 /* Sources */,
				14C6246C25DAB34800E6B6A7 /* Frameworks */,
				14C6246D25DAB34800E6B6A7 /* Resources */,
			);
			buildRules = (
			);
			dependencies = (
			);
			name = Memorize;
			productName = Memorize;
			productReference = 14C6246F25DAB34800E6B6A7 /* Memorize.app */;
			productType = "com.apple.product-type.application";
		};
/* End PBXNativeTarget section */

/* Begin PBXProject section */
		14C6246725DAB34700E6B6A7 /* Project object */ = {
			isa = PBXProject;
			attributes = {
				LastSwiftUpdateCheck = 1240;
				LastUpgradeCheck = 1240;
				TargetAttributes = {
					14C6246E25DAB34800E6B6A7 = {
						CreatedOnToolsVersion = 12.4;
					};
				};
			};
			buildConfigurationList = 14C6246A25DAB34700E6B6A7 /* Build configuration list for PBXProject "Memorize" */;
			compatibilityVersion = "Xcode 9.3";
			developmentRegion = en;
			hasScannedForEncodings = 0;
			knownRegions = (
				en,
				Base,
			);
			mainGroup = 14C6246625DAB34700E6B6A7;
			productRefGroup = 14C6247025DAB34800E6B6A7 /* Products */;
			projectDirPath = "";
			projectRoot = "";
			targets = (
				14C6246E25DAB34800E6B6A7 /* Memorize */,
			);
		};
/* End PBXProject section */

/* Begin PBXResourcesBuildPhase section */
		14C6246D25DAB34800E6B6A7 /* Resources */ = {
			isa = PBXResourcesBuildPhase;
			buildActionMask = 2147483647;
			files = (
				14C9270F25E17E3000179785 /* faraon2.m4a in Resources */,
				14C9271025E17E3000179785 /* faraon3.m4a in Resources */,
				14C9270B25E17B1000179785 /* faraon1.m4a in Resources */,
				14C6247A25DAB34E00E6B6A7 /* Preview Assets.xcassets in Resources */,
				14C6247725DAB34E00E6B6A7 /* Assets.xcassets in Resources */,
			);
			runOnlyForDeploymentPostprocessing = 0;
		};
/* End PBXResourcesBuildPhase section */

/* Begin PBXSourcesBuildPhase section */
		14C6246B25DAB34800E6B6A7 /* Sources */ = {
			isa = PBXSourcesBuildPhase;
			buildActionMask = 2147483647;
			files = (
				14C624B325DC2B5300E6B6A7 /* Cardify.swift in Sources */,
				14C624AC25DC22DF00E6B6A7 /* Pie.swift in Sources */,
				14C6247525DAB34800E6B6A7 /* EmojiMemoryGameView.swift in Sources */,
				14C6248C25DAB68900E6B6A7 /* CardView.swift in Sources */,
				14C9270825E1785F00179785 /* Sounds.swift in Sources */,
				14C6248F25DAE28400E6B6A7 /* MemoryGame.swift in Sources */,
				14C624A925DB6DCE00E6B6A7 /* Array+Only.swift in Sources */,
				14C6247325DAB34800E6B6A7 /* MemorizeApp.swift in Sources */,
				14C6249225DAE42200E6B6A7 /* EmojiMemoryGame.swift in Sources */,
				14C624A525DB4F6700E6B6A7 /* Array+Identifiable.swift in Sources */,
				14C9270425E167FC00179785 /* CircleImage.swift in Sources */,
				14C624A225DB46C700E6B6A7 /* GridLayout.swift in Sources */,
				14C6249F25DB3F5300E6B6A7 /* Grid.swift in Sources */,
			);
			runOnlyForDeploymentPostprocessing = 0;
		};
/* End PBXSourcesBuildPhase section */

/* Begin XCBuildConfiguration section */
		14C6247C25DAB34E00E6B6A7 /* Debug */ = {
			isa = XCBuildConfiguration;
			buildSettings = {
				ALWAYS_SEARCH_USER_PATHS = NO;
				CLANG_ANALYZER_NONNULL = YES;
				CLANG_ANALYZER_NUMBER_OBJECT_CONVERSION = YES_AGGRESSIVE;
				CLANG_CXX_LANGUAGE_STANDARD = "gnu++14";
				CLANG_CXX_LIBRARY = "libc++";
				CLANG_ENABLE_MODULES = YES;
				CLANG_ENABLE_OBJC_ARC = YES;
				CLANG_ENABLE_OBJC_WEAK = YES;
				CLANG_WARN_BLOCK_CAPTURE_AUTORELEASING = YES;
				CLANG_WARN_BOOL_CONVERSION = YES;
				CLANG_WARN_COMMA = YES;
				CLANG_WARN_CONSTANT_CONVERSION = YES;
				CLANG_WARN_DEPRECATED_OBJC_IMPLEMENTATIONS = YES;
				CLANG_WARN_DIRECT_OBJC_ISA_USAGE = YES_ERROR;
				CLANG_WARN_DOCUMENTATION_COMMENTS = YES;
				CLANG_WARN_EMPTY_BODY = YES;
				CLANG_WARN_ENUM_CONVERSION = YES;
				CLANG_WARN_INFINITE_RECURSION = YES;
				CLANG_WARN_INT_CONVERSION = YES;
				CLANG_WARN_NON_LITERAL_NULL_CONVERSION = YES;
				CLANG_WARN_OBJC_IMPLICIT_RETAIN_SELF = YES;
				CLANG_WARN_OBJC_LITERAL_CONVERSION = YES;
				CLANG_WARN_OBJC_ROOT_CLASS = YES_ERROR;
				CLANG_WARN_QUOTED_INCLUDE_IN_FRAMEWORK_HEADER = YES;
				CLANG_WARN_RANGE_LOOP_ANALYSIS = YES;
				CLANG_WARN_STRICT_PROTOTYPES = YES;
				CLANG_WARN_SUSPICIOUS_MOVE = YES;
				CLANG_WARN_UNGUARDED_AVAILABILITY = YES_AGGRESSIVE;
				CLANG_WARN_UNREACHABLE_CODE = YES;
				CLANG_WARN__DUPLICATE_METHOD_MATCH = YES;
				COPY_PHASE_STRIP = NO;
				DEBUG_INFORMATION_FORMAT = dwarf;
				ENABLE_STRICT_OBJC_MSGSEND = YES;
				ENABLE_TESTABILITY = YES;
				GCC_C_LANGUAGE_STANDARD = gnu11;
				GCC_DYNAMIC_NO_PIC = NO;
				GCC_NO_COMMON_BLOCKS = YES;
				GCC_OPTIMIZATION_LEVEL = 0;
				GCC_PREPROCESSOR_DEFINITIONS = (
					"DEBUG=1",
					"$(inherited)",
				);
				GCC_WARN_64_TO_32_BIT_CONVERSION = YES;
				GCC_WARN_ABOUT_RETURN_TYPE = YES_ERROR;
				GCC_WARN_UNDECLARED_SELECTOR = YES;
				GCC_WARN_UNINITIALIZED_AUTOS = YES_AGGRESSIVE;
				GCC_WARN_UNUSED_FUNCTION = YES;
				GCC_WARN_UNUSED_VARIABLE = YES;
				IPHONEOS_DEPLOYMENT_TARGET = 14.4;
				MTL_ENABLE_DEBUG_INFO = INCLUDE_SOURCE;
				MTL_FAST_MATH = YES;
				ONLY_ACTIVE_ARCH = YES;
				SDKROOT = iphoneos;
				SWIFT_ACTIVE_COMPILATION_CONDITIONS = DEBUG;
				SWIFT_OPTIMIZATION_LEVEL = "-Onone";
			};
			name = Debug;
		};
		14C6247D25DAB34E00E6B6A7 /* Release */ = {
			isa = XCBuildConfiguration;
			buildSettings = {
				ALWAYS_SEARCH_USER_PATHS = NO;
				CLANG_ANALYZER_NONNULL = YES;
				CLANG_ANALYZER_NUMBER_OBJECT_CONVERSION = YES_AGGRESSIVE;
				CLANG_CXX_LANGUAGE_STANDARD = "gnu++14";
				CLANG_CXX_LIBRARY = "libc++";
				CLANG_ENABLE_MODULES = YES;
				CLANG_ENABLE_OBJC_ARC = YES;
				CLANG_ENABLE_OBJC_WEAK = YES;
				CLANG_WARN_BLOCK_CAPTURE_AUTORELEASING = YES;
				CLANG_WARN_BOOL_CONVERSION = YES;
				CLANG_WARN_COMMA = YES;
				CLANG_WARN_CONSTANT_CONVERSION = YES;
				CLANG_WARN_DEPRECATED_OBJC_IMPLEMENTATIONS = YES;
				CLANG_WARN_DIRECT_OBJC_ISA_USAGE = YES_ERROR;
				CLANG_WARN_DOCUMENTATION_COMMENTS = YES;
				CLANG_WARN_EMPTY_BODY = YES;
				CLANG_WARN_ENUM_CONVERSION = YES;
				CLANG_WARN_INFINITE_RECURSION = YES;
				CLANG_WARN_INT_CONVERSION = YES;
				CLANG_WARN_NON_LITERAL_NULL_CONVERSION = YES;
				CLANG_WARN_OBJC_IMPLICIT_RETAIN_SELF = YES;
				CLANG_WARN_OBJC_LITERAL_CONVERSION = YES;
				CLANG_WARN_OBJC_ROOT_CLASS = YES_ERROR;
				CLANG_WARN_QUOTED_INCLUDE_IN_FRAMEWORK_HEADER = YES;
				CLANG_WARN_RANGE_LOOP_ANALYSIS = YES;
				CLANG_WARN_STRICT_PROTOTYPES = YES;
				CLANG_WARN_SUSPICIOUS_MOVE = YES;
				CLANG_WARN_UNGUARDED_AVAILABILITY = YES_AGGRESSIVE;
				CLANG_WARN_UNREACHABLE_CODE = YES;
				CLANG_WARN__DUPLICATE_METHOD_MATCH = YES;
				COPY_PHASE_STRIP = NO;
				DEBUG_INFORMATION_FORMAT = "dwarf-with-dsym";
				ENABLE_NS_ASSERTIONS = NO;
				ENABLE_STRICT_OBJC_MSGSEND = YES;
				GCC_C_LANGUAGE_STANDARD = gnu11;
				GCC_NO_COMMON_BLOCKS = YES;
				GCC_WARN_64_TO_32_BIT_CONVERSION = YES;
				GCC_WARN_ABOUT_RETURN_TYPE = YES_ERROR;
				GCC_WARN_UNDECLARED_SELECTOR = YES;
				GCC_WARN_UNINITIALIZED_AUTOS = YES_AGGRESSIVE;
				GCC_WARN_UNUSED_FUNCTION = YES;
				GCC_WARN_UNUSED_VARIABLE = YES;
				IPHONEOS_DEPLOYMENT_TARGET = 14.4;
				MTL_ENABLE_DEBUG_INFO = NO;
				MTL_FAST_MATH = YES;
				SDKROOT = iphoneos;
				SWIFT_COMPILATION_MODE = wholemodule;
				SWIFT_OPTIMIZATION_LEVEL = "-O";
				VALIDATE_PRODUCT = YES;
			};
			name = Release;
		};
		14C6247F25DAB34E00E6B6A7 /* Debug */ = {
			isa = XCBuildConfiguration;
			buildSettings = {
				ASSETCATALOG_COMPILER_APPICON_NAME = AppIcon;
				ASSETCATALOG_COMPILER_GLOBAL_ACCENT_COLOR_NAME = AccentColor;
				CODE_SIGN_STYLE = Automatic;
				DEVELOPMENT_ASSET_PATHS = "\"Memorize/Preview Content\"";
				DEVELOPMENT_TEAM = BXSDXC45DP;
				ENABLE_PREVIEWS = YES;
				INFOPLIST_FILE = Memorize/Info.plist;
				IPHONEOS_DEPLOYMENT_TARGET = 14.0;
				LD_RUNPATH_SEARCH_PATHS = (
					"$(inherited)",
					"@executable_path/Frameworks",
				);
				PRODUCT_BUNDLE_IDENTIFIER = augusto.Memorize;
				PRODUCT_NAME = "$(TARGET_NAME)";
				SWIFT_VERSION = 5.0;
				TARGETED_DEVICE_FAMILY = "1,2";
			};
			name = Debug;
		};
		14C6248025DAB34E00E6B6A7 /* Release */ = {
			isa = XCBuildConfiguration;
			buildSettings = {
				ASSETCATALOG_COMPILER_APPICON_NAME = AppIcon;
				ASSETCATALOG_COMPILER_GLOBAL_ACCENT_COLOR_NAME = AccentColor;
				CODE_SIGN_STYLE = Automatic;
				DEVELOPMENT_ASSET_PATHS = "\"Memorize/Preview Content\"";
				DEVELOPMENT_TEAM = BXSDXC45DP;
				ENABLE_PREVIEWS = YES;
				INFOPLIST_FILE = Memorize/Info.plist;
				IPHONEOS_DEPLOYMENT_TARGET = 14.0;
				LD_RUNPATH_SEARCH_PATHS = (
					"$(inherited)",
					"@executable_path/Frameworks",
				);
				PRODUCT_BUNDLE_IDENTIFIER = augusto.Memorize;
				PRODUCT_NAME = "$(TARGET_NAME)";
				SWIFT_VERSION = 5.0;
				TARGETED_DEVICE_FAMILY = "1,2";
			};
			name = Release;
		};
/* End XCBuildConfiguration section */

/* Begin XCConfigurationList section */
		14C6246A25DAB34700E6B6A7 /* Build configuration list for PBXProject "Memorize" */ = {
			isa = XCConfigurationList;
			buildConfigurations = (
				14C6247C25DAB34E00E6B6A7 /* Debug */,
				14C6247D25DAB34E00E6B6A7 /* Release */,
			);
			defaultConfigurationIsVisible = 0;
			defaultConfigurationName = Release;
		};
		14C6247E25DAB34E00E6B6A7 /* Build configuration list for PBXNativeTarget "Memorize" */ = {
			isa = XCConfigurationList;
			buildConfigurations = (
				14C6247F25DAB34E00E6B6A7 /* Debug */,
				14C6248025DAB34E00E6B6A7 /* Release */,
			);
			defaultConfigurationIsVisible = 0;
			defaultConfigurationName = Release;
		};
/* End XCConfigurationList section */
	};
	rootObject = 14C6246725DAB34700E6B6A7 /* Project object */;
}
